<?xml version="1.0" encoding="utf-8"?>
<Project ToolsVersion="4.0" xmlns="http://schemas.microsoft.com/developer/msbuild/2003">
  <ItemGroup>
    <ClInclude Include="platform.hpp" />
    <ClInclude Include="winapi\directory.hpp">
      <Filter>winapi</Filter>
    </ClInclude>
    <ClInclude Include="winapi\module.hpp">
      <Filter>winapi</Filter>
    </ClInclude>
    <ClInclude Include="mmaccel.hpp" />
    <ClInclude Include="file_monitor.hpp" />
    <ClInclude Include="winapi\handle.hpp">
      <Filter>winapi</Filter>
    </ClInclude>
    <ClInclude Include="winapi\event.hpp">
      <Filter>winapi</Filter>
    </ClInclude>
    <ClInclude Include="winapi\overlapped.hpp">
      <Filter>winapi</Filter>
    </ClInclude>
    <ClInclude Include="winapi\file_notify.hpp">
      <Filter>winapi</Filter>
    </ClInclude>
    <ClInclude Include="resource.h" />
    <ClInclude Include="winapi\window.hpp">
      <Filter>winapi</Filter>
    </ClInclude>
    <ClInclude Include="winapi\process.hpp">
      <Filter>winapi</Filter>
    </ClInclude>
    <ClInclude Include="winapi\control.hpp">
      <Filter>winapi</Filter>
    </ClInclude>
    <ClInclude Include="winapi\menu.hpp">
      <Filter>winapi</Filter>
    </ClInclude>
    <ClInclude Include="winapi\hook.hpp">
      <Filter>winapi</Filter>
    </ClInclude>
    <ClInclude Include="gui\message_handler.hpp">
      <Filter>gui</Filter>
    </ClInclude>
    <ClInclude Include="utility\type_tuple.hpp">
      <Filter>utility</Filter>
    </ClInclude>
    <ClInclude Include="winapi\thread.hpp">
      <Filter>winapi</Filter>
    </ClInclude>
    <ClInclude Include="gui\version.hpp">
      <Filter>gui</Filter>
    </ClInclude>
    <ClInclude Include="winapi\dialog.hpp">
      <Filter>winapi</Filter>
    </ClInclude>
    <ClInclude Include="winapi\message_box.hpp">
      <Filter>winapi</Filter>
    </ClInclude>
    <ClInclude Include="winapi\string.hpp">
      <Filter>winapi</Filter>
    </ClInclude>
    <ClInclude Include="gui\menu.hpp">
      <Filter>gui</Filter>
    </ClInclude>
    <ClInclude Include="winapi\point.hpp">
      <Filter>winapi</Filter>
    </ClInclude>
    <ClInclude Include="path.hpp" />
    <ClInclude Include="gui\dropdown_box.hpp">
      <Filter>gui</Filter>
    </ClInclude>
    <ClInclude Include="gui\list_view.hpp">
      <Filter>gui</Filter>
    </ClInclude>
    <ClInclude Include="gui\tab.hpp">
      <Filter>gui</Filter>
    </ClInclude>
    <ClInclude Include="keyboard.hpp" />
    <ClInclude Include="utility\json.hpp">
      <Filter>utility</Filter>
    </ClInclude>
    <ClInclude Include="mmd_map.hpp" />
    <ClInclude Include="utility\stringize.hpp">
      <Filter>utility</Filter>
    </ClInclude>
    <ClInclude Include="key_map.hpp" />
    <ClInclude Include="handler.hpp" />
  </ItemGroup>
  <ItemGroup>
    <Filter Include="winapi">
      <UniqueIdentifier>{a405125b-2503-4aa0-978f-a7259a6eee9a}</UniqueIdentifier>
    </Filter>
    <Filter Include="gui">
      <UniqueIdentifier>{dae4d730-d9ad-43f9-ae64-735d6e07db6d}</UniqueIdentifier>
    </Filter>
    <Filter Include="utility">
      <UniqueIdentifier>{18bb31b0-7465-4733-8d9d-fe9e47aaf884}</UniqueIdentifier>
    </Filter>
  </ItemGroup>
  <ItemGroup>
    <ClCompile Include="mmaccel.cpp" />
    <ClCompile Include="file_monitor.cpp" />
    <ClCompile Include="utility\json.cpp">
      <Filter>utility</Filter>
    </ClCompile>
  </ItemGroup>
  <ItemGroup>
    <ResourceCompile Include="resource.rc" />
  </ItemGroup>
  <ItemGroup>
    <None Include="mmd_map.json" />
  </ItemGroup>
</Project>